
Microsoft Visual Studio Solution File, Format Version 12.00
# Visual Studio Version 17
VisualStudioVersion = 17.4.33122.133
MinimumVisualStudioVersion = 10.0.40219.1
Project("{FAE04EC0-301F-11D3-BF4B-00C04F79EFBC}") = "A2B2PasswordMigration", "A2B2PasswordMigration\A2B2PasswordMigration.csproj", "{4555F086-3104-4ECD-B3D2-BC22DE63E59B}"
EndProject
Global
	GlobalSection(SolutionConfigurationPlatforms) = preSolution
		Debug|Any CPU = Debug|Any CPU
		Release|Any CPU = Release|Any CPU
	EndGlobalSection
	GlobalSection(ProjectConfigurationPlatforms) = postSolution
		{4555F086-3104-4ECD-B3D2-BC22DE63E59B}.Debug|Any CPU.ActiveCfg = Debug|Any CPU
		{4555F086-3104-4ECD-B3D2-BC22DE63E59B}.Debug|Any CPU.Build.0 = Debug|Any CPU
		{4555F086-3104-4ECD-B3D2-BC22DE63E59B}.Release|Any CPU.ActiveCfg = Release|Any CPU
		{4555F086-3104-4ECD-B3D2-BC22DE63E59B}.Release|Any CPU.Build.0 = Release|Any CPU
	EndGlobalSection
	GlobalSection(SolutionProperties) = preSolution
		HideSolutionNode = FALSE
	EndGlobalSection
	GlobalSection(ExtensibilityGlobals) = postSolution
		SolutionGuid = {D9B3FD98-3E17-4663-B48A-7D191F085EAC}
	EndGlobalSection
EndGlobal
